
Microsoft Visual Studio Solution File, Format Version 12.00
# Visual Studio 14
VisualStudioVersion = 14.0.23107.0
MinimumVisualStudioVersion = 10.0.40219.1
Project("{FAE04EC0-301F-11D3-BF4B-00C04F79EFBC}") = "Elmah.Log4Net", "Elmah.Log4Net.csproj", "{A80BF352-0044-4782-A7A6-6B221630AB72}"
EndProject
Global
	GlobalSection(SolutionConfigurationPlatforms) = preSolution
		Debug|Any CPU = Debug|Any CPU
		Release|Any CPU = Release|Any CPU
	EndGlobalSection
	GlobalSection(ProjectConfigurationPlatforms) = postSolution
		{A80BF352-0044-4782-A7A6-6B221630AB72}.Debug|Any CPU.ActiveCfg = Debug|Any CPU
		{A80BF352-0044-4782-A7A6-6B221630AB72}.Debug|Any CPU.Build.0 = Debug|Any CPU
		{A80BF352-0044-4782-A7A6-6B221630AB72}.Release|Any CPU.ActiveCfg = Release|Any CPU
		{A80BF352-0044-4782-A7A6-6B221630AB72}.Release|Any CPU.Build.0 = Release|Any CPU
	EndGlobalSection
	GlobalSection(SolutionProperties) = preSolution
		HideSolutionNode = FALSE
	EndGlobalSection
EndGlobal
